// !$*UTF8*$!
{
	archiveVersion = 1;
	classes = {
	};
	objectVersion = 46;
	objects = {

/* Begin PBXBuildFile section */
		0F80513F1EA070F5002A4FE6 /* main.m in Sources */ = {isa = PBXBuildFile; fileRef = 0F80513E1EA070F5002A4FE6 /* main.m */; };
		0F8051421EA070F5002A4FE6 /* AppDelegate.m in Sources */ = {isa = PBXBuildFile; fileRef = 0F8051411EA070F5002A4FE6 /* AppDelegate.m */; };
		0F8051451EA070F5002A4FE6 /* ViewController.m in Sources */ = {isa = PBXBuildFile; fileRef = 0F8051441EA070F5002A4FE6 /* ViewController.m */; };
		0F8051481EA070F5002A4FE6 /* Main.storyboard in Resources */ = {isa = PBXBuildFile; fileRef = 0F8051461EA070F5002A4FE6 /* Main.storyboard */; };
		0F80514A1EA070F6002A4FE6 /* Assets.xcassets in Resources */ = {isa = PBXBuildFile; fileRef = 0F8051491EA070F5002A4FE6 /* Assets.xcassets */; };
		0F80514D1EA070F6002A4FE6 /* LaunchScreen.storyboard in Resources */ = {isa = PBXBuildFile; fileRef = 0F80514B1EA070F6002A4FE6 /* LaunchScreen.storyboard */; };
		0F8051581EA070F6002A4FE6 /* FactoryUITests.m in Sources */ = {isa = PBXBuildFile; fileRef = 0F8051571EA070F6002A4FE6 /* FactoryUITests.m */; };
		0F8051631EA070F6002A4FE6 /* FactoryUIUITests.m in Sources */ = {isa = PBXBuildFile; fileRef = 0F8051621EA070F6002A4FE6 /* FactoryUIUITests.m */; };
		0F8051721EA0713D002A4FE6 /* FactoryUI.m in Sources */ = {isa = PBXBuildFile; fileRef = 0F8051711EA0713D002A4FE6 /* FactoryUI.m */; };
		0F80517B1EA08E7B002A4FE6 /* UILabel+heightAndwidth.m in Sources */ = {isa = PBXBuildFile; fileRef = 0F80517A1EA08E7B002A4FE6 /* UILabel+heightAndwidth.m */; };
		4240E7C97585660CAAF13397 /* libPods-FactoryUI.a in Frameworks */ = {isa = PBXBuildFile; fileRef = A6D86193FDD3402A0B9F642C /* libPods-FactoryUI.a */; };
		56B48B736CED31D1ADA4BC6E /* libPods-FactoryUITests.a in Frameworks */ = {isa = PBXBuildFile; fileRef = 76C48F1DC6050F86EBD23472 /* libPods-FactoryUITests.a */; };
		6F802EB71F56D49CF38D3004 /* libPods-FactoryUIUITests.a in Frameworks */ = {isa = PBXBuildFile; fileRef = 11730403B840C8B11469DAD2 /* libPods-FactoryUIUITests.a */; };
/* End PBXBuildFile section */

/* Begin PBXContainerItemProxy section */
		0F8051541EA070F6002A4FE6 /* PBXContainerItemProxy */ = {
			isa = PBXContainerItemProxy;
			containerPortal = 0F8051321EA070F5002A4FE6 /* Project object */;
			proxyType = 1;
			remoteGlobalIDString = 0F8051391EA070F5002A4FE6;
			remoteInfo = FactoryUI;
		};
		0F80515F1EA070F6002A4FE6 /* PBXContainerItemProxy */ = {
			isa = PBXContainerItemProxy;
			containerPortal = 0F8051321EA070F5002A4FE6 /* Project object */;
			proxyType = 1;
			remoteGlobalIDString = 0F8051391EA070F5002A4FE6;
			remoteInfo = FactoryUI;
		};
/* End PBXContainerItemProxy section */

/* Begin PBXFileReference section */
		0F80513A1EA070F5002A4FE6 /* FactoryUI.app */ = {isa = PBXFileReference; explicitFileType = wrapper.application; includeInIndex = 0; path = FactoryUI.app; sourceTree = BUILT_PRODUCTS_DIR; };
		0F80513E1EA070F5002A4FE6 /* main.m */ = {isa = PBXFileReference; lastKnownFileType = sourcecode.c.objc; path = main.m; sourceTree = "<group>"; };
		0F8051401EA070F5002A4FE6 /* AppDelegate.h */ = {isa = PBXFileReference; lastKnownFileType = sourcecode.c.h; path = AppDelegate.h; sourceTree = "<group>"; };
		0F8051411EA070F5002A4FE6 /* AppDelegate.m */ = {isa = PBXFileReference; lastKnownFileType = sourcecode.c.objc; path = AppDelegate.m; sourceTree = "<group>"; };
		0F8051431EA070F5002A4FE6 /* ViewController.h */ = {isa = PBXFileReference; lastKnownFileType = sourcecode.c.h; path = ViewController.h; sourceTree = "<group>"; };
		0F8051441EA070F5002A4FE6 /* ViewController.m */ = {isa = PBXFileReference; lastKnownFileType = sourcecode.c.objc; path = ViewController.m; sourceTree = "<group>"; };
		0F8051471EA070F5002A4FE6 /* Base */ = {isa = PBXFileReference; lastKnownFileType = file.storyboard; name = Base; path = Base.lproj/Main.storyboard; sourceTree = "<group>"; };
		0F8051491EA070F5002A4FE6 /* Assets.xcassets */ = {isa = PBXFileReference; lastKnownFileType = folder.assetcatalog; path = Assets.xcassets; sourceTree = "<group>"; };
		0F80514C1EA070F6002A4FE6 /* Base */ = {isa = PBXFileReference; lastKnownFileType = file.storyboard; name = Base; path = Base.lproj/LaunchScreen.storyboard; sourceTree = "<group>"; };
		0F80514E1EA070F6002A4FE6 /* Info.plist */ = {isa = PBXFileReference; lastKnownFileType = text.plist.xml; path = Info.plist; sourceTree = "<group>"; };
		0F8051531EA070F6002A4FE6 /* FactoryUITests.xctest */ = {isa = PBXFileReference; explicitFileType = wrapper.cfbundle; includeInIndex = 0; path = FactoryUITests.xctest; sourceTree = BUILT_PRODUCTS_DIR; };
		0F8051571EA070F6002A4FE6 /* FactoryUITests.m */ = {isa = PBXFileReference; lastKnownFileType = sourcecode.c.objc; path = FactoryUITests.m; sourceTree = "<group>"; };
		0F8051591EA070F6002A4FE6 /* Info.plist */ = {isa = PBXFileReference; lastKnownFileType = text.plist.xml; path = Info.plist; sourceTree = "<group>"; };
		0F80515E1EA070F6002A4FE6 /* FactoryUIUITests.xctest */ = {isa = PBXFileReference; explicitFileType = wrapper.cfbundle; includeInIndex = 0; path = FactoryUIUITests.xctest; sourceTree = BUILT_PRODUCTS_DIR; };
		0F8051621EA070F6002A4FE6 /* FactoryUIUITests.m */ = {isa = PBXFileReference; lastKnownFileType = sourcecode.c.objc; path = FactoryUIUITests.m; sourceTree = "<group>"; };
		0F8051641EA070F6002A4FE6 /* Info.plist */ = {isa = PBXFileReference; lastKnownFileType = text.plist.xml; path = Info.plist; sourceTree = "<group>"; };
		0F8051701EA0713D002A4FE6 /* FactoryUI.h */ = {isa = PBXFileReference; fileEncoding = 4; lastKnownFileType = sourcecode.c.h; path = FactoryUI.h; sourceTree = "<group>"; };
		0F8051711EA0713D002A4FE6 /* FactoryUI.m */ = {isa = PBXFileReference; fileEncoding = 4; lastKnownFileType = sourcecode.c.objc; path = FactoryUI.m; sourceTree = "<group>"; };
		0F8051791EA08E7B002A4FE6 /* UILabel+heightAndwidth.h */ = {isa = PBXFileReference; fileEncoding = 4; lastKnownFileType = sourcecode.c.h; path = "UILabel+heightAndwidth.h"; sourceTree = "<group>"; };
		0F80517A1EA08E7B002A4FE6 /* UILabel+heightAndwidth.m */ = {isa = PBXFileReference; fileEncoding = 4; lastKnownFileType = sourcecode.c.objc; path = "UILabel+heightAndwidth.m"; sourceTree = "<group>"; };
		11730403B840C8B11469DAD2 /* libPods-FactoryUIUITests.a */ = {isa = PBXFileReference; explicitFileType = archive.ar; includeInIndex = 0; path = "libPods-FactoryUIUITests.a"; sourceTree = BUILT_PRODUCTS_DIR; };
		134E499CE64F5778309482A2 /* Pods-FactoryUI.debug.xcconfig */ = {isa = PBXFileReference; includeInIndex = 1; lastKnownFileType = text.xcconfig; name = "Pods-FactoryUI.debug.xcconfig"; path = "Pods/Target Support Files/Pods-FactoryUI/Pods-FactoryUI.debug.xcconfig"; sourceTree = "<group>"; };
		19D6E63B4D76CF7287438F68 /* Pods-FactoryUIUITests.debug.xcconfig */ = {isa = PBXFileReference; includeInIndex = 1; lastKnownFileType = text.xcconfig; name = "Pods-FactoryUIUITests.debug.xcconfig"; path = "Pods/Target Support Files/Pods-FactoryUIUITests/Pods-FactoryUIUITests.debug.xcconfig"; sourceTree = "<group>"; };
		26F070B6FFC253EB223C20AB /* Pods-FactoryUI.release.xcconfig */ = {isa = PBXFileReference; includeInIndex = 1; lastKnownFileType = text.xcconfig; name = "Pods-FactoryUI.release.xcconfig"; path = "Pods/Target Support Files/Pods-FactoryUI/Pods-FactoryUI.release.xcconfig"; sourceTree = "<group>"; };
		57D023285EC6CA1D452B38E6 /* Pods-FactoryUITests.debug.xcconfig */ = {isa = PBXFileReference; includeInIndex = 1; lastKnownFileType = text.xcconfig; name = "Pods-FactoryUITests.debug.xcconfig"; path = "Pods/Target Support Files/Pods-FactoryUITests/Pods-FactoryUITests.debug.xcconfig"; sourceTree = "<group>"; };
		76C48F1DC6050F86EBD23472 /* libPods-FactoryUITests.a */ = {isa = PBXFileReference; explicitFileType = archive.ar; includeInIndex = 0; path = "libPods-FactoryUITests.a"; sourceTree = BUILT_PRODUCTS_DIR; };
		96A832534B7302077FBF3BC5 /* Pods-FactoryUIUITests.release.xcconfig */ = {isa = PBXFileReference; includeInIndex = 1; lastKnownFileType = text.xcconfig; name = "Pods-FactoryUIUITests.release.xcconfig"; path = "Pods/Target Support Files/Pods-FactoryUIUITests/Pods-FactoryUIUITests.release.xcconfig"; sourceTree = "<group>"; };
		A6D86193FDD3402A0B9F642C /* libPods-FactoryUI.a */ = {isa = PBXFileReference; explicitFileType = archive.ar; includeInIndex = 0; path = "libPods-FactoryUI.a"; sourceTree = BUILT_PRODUCTS_DIR; };
		C0FD3163FC4BA1EF0137E564 /* Pods-FactoryUITests.release.xcconfig */ = {isa = PBXFileReference; includeInIndex = 1; lastKnownFileType = text.xcconfig; name = "Pods-FactoryUITests.release.xcconfig"; path = "Pods/Target Support Files/Pods-FactoryUITests/Pods-FactoryUITests.release.xcconfig"; sourceTree = "<group>"; };
/* End PBXFileReference section */

/* Begin PBXFrameworksBuildPhase section */
		0F8051371EA070F5002A4FE6 /* Frameworks */ = {
			isa = PBXFrameworksBuildPhase;
			buildActionMask = 2147483647;
			files = (
				4240E7C97585660CAAF13397 /* libPods-FactoryUI.a in Frameworks */,
			);
			runOnlyForDeploymentPostprocessing = 0;
		};
		0F8051501EA070F6002A4FE6 /* Frameworks */ = {
			isa = PBXFrameworksBuildPhase;
			buildActionMask = 2147483647;
			files = (
				56B48B736CED31D1ADA4BC6E /* libPods-FactoryUITests.a in Frameworks */,
			);
			runOnlyForDeploymentPostprocessing = 0;
		};
		0F80515B1EA070F6002A4FE6 /* Frameworks */ = {
			isa = PBXFrameworksBuildPhase;
			buildActionMask = 2147483647;
			files = (
				6F802EB71F56D49CF38D3004 /* libPods-FactoryUIUITests.a in Frameworks */,
			);
			runOnlyForDeploymentPostprocessing = 0;
		};
/* End PBXFrameworksBuildPhase section */

/* Begin PBXGroup section */
		0F8051311EA070F5002A4FE6 = {
			isa = PBXGroup;
			children = (
				0F80513C1EA070F5002A4FE6 /* FactoryUI */,
				0F8051561EA070F6002A4FE6 /* FactoryUITests */,
				0F8051611EA070F6002A4FE6 /* FactoryUIUITests */,
				0F80513B1EA070F5002A4FE6 /* Products */,
				E530909417148A8E98DC8401 /* Pods */,
				E8D8CD3096349A5ED10C978B /* Frameworks */,
			);
			sourceTree = "<group>";
		};
		0F80513B1EA070F5002A4FE6 /* Products */ = {
			isa = PBXGroup;
			children = (
				0F80513A1EA070F5002A4FE6 /* FactoryUI.app */,
				0F8051531EA070F6002A4FE6 /* FactoryUITests.xctest */,
				0F80515E1EA070F6002A4FE6 /* FactoryUIUITests.xctest */,
			);
			name = Products;
			sourceTree = "<group>";
		};
		0F80513C1EA070F5002A4FE6 /* FactoryUI */ = {
			isa = PBXGroup;
			children = (
				0F8051401EA070F5002A4FE6 /* AppDelegate.h */,
				0F8051411EA070F5002A4FE6 /* AppDelegate.m */,
				0F8051431EA070F5002A4FE6 /* ViewController.h */,
				0F8051441EA070F5002A4FE6 /* ViewController.m */,
				0F8051461EA070F5002A4FE6 /* Main.storyboard */,
				0F8051491EA070F5002A4FE6 /* Assets.xcassets */,
				0F80514B1EA070F6002A4FE6 /* LaunchScreen.storyboard */,
				0F80514E1EA070F6002A4FE6 /* Info.plist */,
				0F80513D1EA070F5002A4FE6 /* Supporting Files */,
				0F8051701EA0713D002A4FE6 /* FactoryUI.h */,
				0F8051711EA0713D002A4FE6 /* FactoryUI.m */,
				0F8051791EA08E7B002A4FE6 /* UILabel+heightAndwidth.h */,
				0F80517A1EA08E7B002A4FE6 /* UILabel+heightAndwidth.m */,
			);
			path = FactoryUI;
			sourceTree = "<group>";
		};
		0F80513D1EA070F5002A4FE6 /* Supporting Files */ = {
			isa = PBXGroup;
			children = (
				0F80513E1EA070F5002A4FE6 /* main.m */,
			);
			name = "Supporting Files";
			sourceTree = "<group>";
		};
		0F8051561EA070F6002A4FE6 /* FactoryUITests */ = {
			isa = PBXGroup;
			children = (
				0F8051571EA070F6002A4FE6 /* FactoryUITests.m */,
				0F8051591EA070F6002A4FE6 /* Info.plist */,
			);
			path = FactoryUITests;
			sourceTree = "<group>";
		};
		0F8051611EA070F6002A4FE6 /* FactoryUIUITests */ = {
			isa = PBXGroup;
			children = (
				0F8051621EA070F6002A4FE6 /* FactoryUIUITests.m */,
				0F8051641EA070F6002A4FE6 /* Info.plist */,
			);
			path = FactoryUIUITests;
			sourceTree = "<group>";
		};
		E530909417148A8E98DC8401 /* Pods */ = {
			isa = PBXGroup;
			children = (
				134E499CE64F5778309482A2 /* Pods-FactoryUI.debug.xcconfig */,
				26F070B6FFC253EB223C20AB /* Pods-FactoryUI.release.xcconfig */,
				57D023285EC6CA1D452B38E6 /* Pods-FactoryUITests.debug.xcconfig */,
				C0FD3163FC4BA1EF0137E564 /* Pods-FactoryUITests.release.xcconfig */,
				19D6E63B4D76CF7287438F68 /* Pods-FactoryUIUITests.debug.xcconfig */,
				96A832534B7302077FBF3BC5 /* Pods-FactoryUIUITests.release.xcconfig */,
			);
			name = Pods;
			sourceTree = "<group>";
		};
		E8D8CD3096349A5ED10C978B /* Frameworks */ = {
			isa = PBXGroup;
			children = (
				A6D86193FDD3402A0B9F642C /* libPods-FactoryUI.a */,
				76C48F1DC6050F86EBD23472 /* libPods-FactoryUITests.a */,
				11730403B840C8B11469DAD2 /* libPods-FactoryUIUITests.a */,
			);
			name = Frameworks;
			sourceTree = "<group>";
		};
/* End PBXGroup section */

/* Begin PBXNativeTarget section */
		0F8051391EA070F5002A4FE6 /* FactoryUI */ = {
			isa = PBXNativeTarget;
			buildConfigurationList = 0F8051671EA070F6002A4FE6 /* Build configuration list for PBXNativeTarget "FactoryUI" */;
			buildPhases = (
				89DA7CCFE85E78FA6A9C0D3F /* [CP] Check Pods Manifest.lock */,
				0F8051361EA070F5002A4FE6 /* Sources */,
				0F8051371EA070F5002A4FE6 /* Frameworks */,
				0F8051381EA070F5002A4FE6 /* Resources */,
				02DAB0813C96B037C08E9D0B /* [CP] Embed Pods Frameworks */,
				48530354C0EEA0FD973D2B7D /* [CP] Copy Pods Resources */,
			);
			buildRules = (
			);
			dependencies = (
			);
			name = FactoryUI;
			productName = FactoryUI;
			productReference = 0F80513A1EA070F5002A4FE6 /* FactoryUI.app */;
			productType = "com.apple.product-type.application";
		};
		0F8051521EA070F6002A4FE6 /* FactoryUITests */ = {
			isa = PBXNativeTarget;
			buildConfigurationList = 0F80516A1EA070F6002A4FE6 /* Build configuration list for PBXNativeTarget "FactoryUITests" */;
			buildPhases = (
				AEA458C0888A695CA4837CCE /* [CP] Check Pods Manifest.lock */,
				0F80514F1EA070F6002A4FE6 /* Sources */,
				0F8051501EA070F6002A4FE6 /* Frameworks */,
				0F8051511EA070F6002A4FE6 /* Resources */,
				87179826400CF352AE0CFD31 /* [CP] Embed Pods Frameworks */,
				A16016B21FF9F6321F67CA8B /* [CP] Copy Pods Resources */,
			);
			buildRules = (
			);
			dependencies = (
				0F8051551EA070F6002A4FE6 /* PBXTargetDependency */,
			);
			name = FactoryUITests;
			productName = FactoryUITests;
			productReference = 0F8051531EA070F6002A4FE6 /* FactoryUITests.xctest */;
			productType = "com.apple.product-type.bundle.unit-test";
		};
		0F80515D1EA070F6002A4FE6 /* FactoryUIUITests */ = {
			isa = PBXNativeTarget;
			buildConfigurationList = 0F80516D1EA070F6002A4FE6 /* Build configuration list for PBXNativeTarget "FactoryUIUITests" */;
			buildPhases = (
				53F29D1F681BBA185F5C7A08 /* [CP] Check Pods Manifest.lock */,
				0F80515A1EA070F6002A4FE6 /* Sources */,
				0F80515B1EA070F6002A4FE6 /* Frameworks */,
				0F80515C1EA070F6002A4FE6 /* Resources */,
				0CE046D0A514A440CA8A3B95 /* [CP] Embed Pods Frameworks */,
				5F20A1B266C687E1C764A1A4 /* [CP] Copy Pods Resources */,
			);
			buildRules = (
			);
			dependencies = (
				0F8051601EA070F6002A4FE6 /* PBXTargetDependency */,
			);
			name = FactoryUIUITests;
			productName = FactoryUIUITests;
			productReference = 0F80515E1EA070F6002A4FE6 /* FactoryUIUITests.xctest */;
			productType = "com.apple.product-type.bundle.ui-testing";
		};
/* End PBXNativeTarget section */

/* Begin PBXProject section */
		0F8051321EA070F5002A4FE6 /* Project object */ = {
			isa = PBXProject;
			attributes = {
				LastUpgradeCheck = 0830;
				ORGANIZATIONNAME = "范云飞";
				TargetAttributes = {
					0F8051391EA070F5002A4FE6 = {
						CreatedOnToolsVersion = 8.3.1;
						DevelopmentTeam = 4H33EPS92X;
						ProvisioningStyle = Automatic;
					};
					0F8051521EA070F6002A4FE6 = {
						CreatedOnToolsVersion = 8.3.1;
						DevelopmentTeam = 4H33EPS92X;
						ProvisioningStyle = Automatic;
						TestTargetID = 0F8051391EA070F5002A4FE6;
					};
					0F80515D1EA070F6002A4FE6 = {
						CreatedOnToolsVersion = 8.3.1;
						DevelopmentTeam = 4H33EPS92X;
						ProvisioningStyle = Automatic;
						TestTargetID = 0F8051391EA070F5002A4FE6;
					};
				};
			};
			buildConfigurationList = 0F8051351EA070F5002A4FE6 /* Build configuration list for PBXProject "FactoryUI" */;
			compatibilityVersion = "Xcode 3.2";
			developmentRegion = English;
			hasScannedForEncodings = 0;
			knownRegions = (
				en,
				Base,
			);
			mainGroup = 0F8051311EA070F5002A4FE6;
			productRefGroup = 0F80513B1EA070F5002A4FE6 /* Products */;
			projectDirPath = "";
			projectRoot = "";
			targets = (
				0F8051391EA070F5002A4FE6 /* FactoryUI */,
				0F8051521EA070F6002A4FE6 /* FactoryUITests */,
				0F80515D1EA070F6002A4FE6 /* FactoryUIUITests */,
			);
		};
/* End PBXProject section */

/* Begin PBXResourcesBuildPhase section */
		0F8051381EA070F5002A4FE6 /* Resources */ = {
			isa = PBXResourcesBuildPhase;
			buildActionMask = 2147483647;
			files = (
				0F80514D1EA070F6002A4FE6 /* LaunchScreen.storyboard in Resources */,
				0F80514A1EA070F6002A4FE6 /* Assets.xcassets in Resources */,
				0F8051481EA070F5002A4FE6 /* Main.storyboard in Resources */,
			);
			runOnlyForDeploymentPostprocessing = 0;
		};
		0F8051511EA070F6002A4FE6 /* Resources */ = {
			isa = PBXResourcesBuildPhase;
			buildActionMask = 2147483647;
			files = (
			);
			runOnlyForDeploymentPostprocessing = 0;
		};
		0F80515C1EA070F6002A4FE6 /* Resources */ = {
			isa = PBXResourcesBuildPhase;
			buildActionMask = 2147483647;
			files = (
			);
			runOnlyForDeploymentPostprocessing = 0;
		};
/* End PBXResourcesBuildPhase section */

/* Begin PBXShellScriptBuildPhase section */
		02DAB0813C96B037C08E9D0B /* [CP] Embed Pods Frameworks */ = {
			isa = PBXShellScriptBuildPhase;
			buildActionMask = 2147483647;
			files = (
			);
			inputPaths = (
			);
			name = "[CP] Embed Pods Frameworks";
			outputPaths = (
			);
			runOnlyForDeploymentPostprocessing = 0;
			shellPath = /bin/sh;
			shellScript = "\"${SRCROOT}/Pods/Target Support Files/Pods-FactoryUI/Pods-FactoryUI-frameworks.sh\"\n";
			showEnvVarsInLog = 0;
		};
		0CE046D0A514A440CA8A3B95 /* [CP] Embed Pods Frameworks */ = {
			isa = PBXShellScriptBuildPhase;
			buildActionMask = 2147483647;
			files = (
			);
			inputPaths = (
			);
			name = "[CP] Embed Pods Frameworks";
			outputPaths = (
			);
			runOnlyForDeploymentPostprocessing = 0;
			shellPath = /bin/sh;
			shellScript = "\"${SRCROOT}/Pods/Target Support Files/Pods-FactoryUIUITests/Pods-FactoryUIUITests-frameworks.sh\"\n";
			showEnvVarsInLog = 0;
		};
		48530354C0EEA0FD973D2B7D /* [CP] Copy Pods Resources */ = {
			isa = PBXShellScriptBuildPhase;
			buildActionMask = 2147483647;
			files = (
			);
			inputPaths = (
			);
			name = "[CP] Copy Pods Resources";
			outputPaths = (
			);
			runOnlyForDeploymentPostprocessing = 0;
			shellPath = /bin/sh;
			shellScript = "\"${SRCROOT}/Pods/Target Support Files/Pods-FactoryUI/Pods-FactoryUI-resources.sh\"\n";
			showEnvVarsInLog = 0;
		};
		53F29D1F681BBA185F5C7A08 /* [CP] Check Pods Manifest.lock */ = {
			isa = PBXShellScriptBuildPhase;
			buildActionMask = 2147483647;
			files = (
			);
			inputPaths = (
			);
			name = "[CP] Check Pods Manifest.lock";
			outputPaths = (
			);
			runOnlyForDeploymentPostprocessing = 0;
			shellPath = /bin/sh;
			shellScript = "diff \"${PODS_ROOT}/../Podfile.lock\" \"${PODS_ROOT}/Manifest.lock\" > /dev/null\nif [ $? != 0 ] ; then\n    # print error to STDERR\n    echo \"error: The sandbox is not in sync with the Podfile.lock. Run 'pod install' or update your CocoaPods installation.\" >&2\n    exit 1\nfi\n";
			showEnvVarsInLog = 0;
		};
		5F20A1B266C687E1C764A1A4 /* [CP] Copy Pods Resources */ = {
			isa = PBXShellScriptBuildPhase;
			buildActionMask = 2147483647;
			files = (
			);
			inputPaths = (
			);
			name = "[CP] Copy Pods Resources";
			outputPaths = (
			);
			runOnlyForDeploymentPostprocessing = 0;
			shellPath = /bin/sh;
			shellScript = "\"${SRCROOT}/Pods/Target Support Files/Pods-FactoryUIUITests/Pods-FactoryUIUITests-resources.sh\"\n";
			showEnvVarsInLog = 0;
		};
		87179826400CF352AE0CFD31 /* [CP] Embed Pods Frameworks */ = {
			isa = PBXShellScriptBuildPhase;
			buildActionMask = 2147483647;
			files = (
			);
			inputPaths = (
			);
			name = "[CP] Embed Pods Frameworks";
			outputPaths = (
			);
			runOnlyForDeploymentPostprocessing = 0;
			shellPath = /bin/sh;
			shellScript = "\"${SRCROOT}/Pods/Target Support Files/Pods-FactoryUITests/Pods-FactoryUITests-frameworks.sh\"\n";
			showEnvVarsInLog = 0;
		};
		89DA7CCFE85E78FA6A9C0D3F /* [CP] Check Pods Manifest.lock */ = {
			isa = PBXShellScriptBuildPhase;
			buildActionMask = 2147483647;
			files = (
			);
			inputPaths = (
			);
			name = "[CP] Check Pods Manifest.lock";
			outputPaths = (
			);
			runOnlyForDeploymentPostprocessing = 0;
			shellPath = /bin/sh;
			shellScript = "diff \"${PODS_ROOT}/../Podfile.lock\" \"${PODS_ROOT}/Manifest.lock\" > /dev/null\nif [ $? != 0 ] ; then\n    # print error to STDERR\n    echo \"error: The sandbox is not in sync with the Podfile.lock. Run 'pod install' or update your CocoaPods installation.\" >&2\n    exit 1\nfi\n";
			showEnvVarsInLog = 0;
		};
		A16016B21FF9F6321F67CA8B /* [CP] Copy Pods Resources */ = {
			isa = PBXShellScriptBuildPhase;
			buildActionMask = 2147483647;
			files = (
			);
			inputPaths = (
			);
			name = "[CP] Copy Pods Resources";
			outputPaths = (
			);
			runOnlyForDeploymentPostprocessing = 0;
			shellPath = /bin/sh;
			shellScript = "\"${SRCROOT}/Pods/Target Support Files/Pods-FactoryUITests/Pods-FactoryUITests-resources.sh\"\n";
			showEnvVarsInLog = 0;
		};
		AEA458C0888A695CA4837CCE /* [CP] Check Pods Manifest.lock */ = {
			isa = PBXShellScriptBuildPhase;
			buildActionMask = 2147483647;
			files = (
			);
			inputPaths = (
			);
			name = "[CP] Check Pods Manifest.lock";
			outputPaths = (
			);
			runOnlyForDeploymentPostprocessing = 0;
			shellPath = /bin/sh;
			shellScript = "diff \"${PODS_ROOT}/../Podfile.lock\" \"${PODS_ROOT}/Manifest.lock\" > /dev/null\nif [ $? != 0 ] ; then\n    # print error to STDERR\n    echo \"error: The sandbox is not in sync with the Podfile.lock. Run 'pod install' or update your CocoaPods installation.\" >&2\n    exit 1\nfi\n";
			showEnvVarsInLog = 0;
		};
/* End PBXShellScriptBuildPhase section */

/* Begin PBXSourcesBuildPhase section */
		0F8051361EA070F5002A4FE6 /* Sources */ = {
			isa = PBXSourcesBuildPhase;
			buildActionMask = 2147483647;
			files = (
				0F8051721EA0713D002A4FE6 /* FactoryUI.m in Sources */,
				0F8051451EA070F5002A4FE6 /* ViewController.m in Sources */,
				0F80517B1EA08E7B002A4FE6 /* UILabel+heightAndwidth.m in Sources */,
				0F8051421EA070F5002A4FE6 /* AppDelegate.m in Sources */,
				0F80513F1EA070F5002A4FE6 /* main.m in Sources */,
			);
			runOnlyForDeploymentPostprocessing = 0;
		};
		0F80514F1EA070F6002A4FE6 /* Sources */ = {
			isa = PBXSourcesBuildPhase;
			buildActionMask = 2147483647;
			files = (
				0F8051581EA070F6002A4FE6 /* FactoryUITests.m in Sources */,
			);
			runOnlyForDeploymentPostprocessing = 0;
		};
		0F80515A1EA070F6002A4FE6 /* Sources */ = {
			isa = PBXSourcesBuildPhase;
			buildActionMask = 2147483647;
			files = (
				0F8051631EA070F6002A4FE6 /* FactoryUIUITests.m in Sources */,
			);
			runOnlyForDeploymentPostprocessing = 0;
		};
/* End PBXSourcesBuildPhase section */

/* Begin PBXTargetDependency section */
		0F8051551EA070F6002A4FE6 /* PBXTargetDependency */ = {
			isa = PBXTargetDependency;
			target = 0F8051391EA070F5002A4FE6 /* FactoryUI */;
			targetProxy = 0F8051541EA070F6002A4FE6 /* PBXContainerItemProxy */;
		};
		0F8051601EA070F6002A4FE6 /* PBXTargetDependency */ = {
			isa = PBXTargetDependency;
			target = 0F8051391EA070F5002A4FE6 /* FactoryUI */;
			targetProxy = 0F80515F1EA070F6002A4FE6 /* PBXContainerItemProxy */;
		};
/* End PBXTargetDependency section */

/* Begin PBXVariantGroup section */
		0F8051461EA070F5002A4FE6 /* Main.storyboard */ = {
			isa = PBXVariantGroup;
			children = (
				0F8051471EA070F5002A4FE6 /* Base */,
			);
			name = Main.storyboard;
			sourceTree = "<group>";
		};
		0F80514B1EA070F6002A4FE6 /* LaunchScreen.storyboard */ = {
			isa = PBXVariantGroup;
			children = (
				0F80514C1EA070F6002A4FE6 /* Base */,
			);
			name = LaunchScreen.storyboard;
			sourceTree = "<group>";
		};
/* End PBXVariantGroup section */

/* Begin XCBuildConfiguration section */
		0F8051651EA070F6002A4FE6 /* Debug */ = {
			isa = XCBuildConfiguration;
			buildSettings = {
				ALWAYS_SEARCH_USER_PATHS = NO;
				CLANG_ANALYZER_NONNULL = YES;
				CLANG_ANALYZER_NUMBER_OBJECT_CONVERSION = YES_AGGRESSIVE;
				CLANG_CXX_LANGUAGE_STANDARD = "gnu++0x";
				CLANG_CXX_LIBRARY = "libc++";
				CLANG_ENABLE_MODULES = YES;
				CLANG_ENABLE_OBJC_ARC = YES;
				CLANG_WARN_BOOL_CONVERSION = YES;
				CLANG_WARN_CONSTANT_CONVERSION = YES;
				CLANG_WARN_DIRECT_OBJC_ISA_USAGE = YES_ERROR;
				CLANG_WARN_DOCUMENTATION_COMMENTS = YES;
				CLANG_WARN_EMPTY_BODY = YES;
				CLANG_WARN_ENUM_CONVERSION = YES;
				CLANG_WARN_INFINITE_RECURSION = YES;
				CLANG_WARN_INT_CONVERSION = YES;
				CLANG_WARN_OBJC_ROOT_CLASS = YES_ERROR;
				CLANG_WARN_SUSPICIOUS_MOVE = YES;
				CLANG_WARN_UNREACHABLE_CODE = YES;
				CLANG_WARN__DUPLICATE_METHOD_MATCH = YES;
				"CODE_SIGN_IDENTITY[sdk=iphoneos*]" = "iPhone Developer";
				COPY_PHASE_STRIP = NO;
				DEBUG_INFORMATION_FORMAT = dwarf;
				ENABLE_STRICT_OBJC_MSGSEND = YES;
				ENABLE_TESTABILITY = YES;
				GCC_C_LANGUAGE_STANDARD = gnu99;
				GCC_DYNAMIC_NO_PIC = NO;
				GCC_NO_COMMON_BLOCKS = YES;
				GCC_OPTIMIZATION_LEVEL = 0;
				GCC_PREPROCESSOR_DEFINITIONS = (
					"DEBUG=1",
					"$(inherited)",
				);
				GCC_WARN_64_TO_32_BIT_CONVERSION = YES;
				GCC_WARN_ABOUT_RETURN_TYPE = YES_ERROR;
				GCC_WARN_UNDECLARED_SELECTOR = YES;
				GCC_WARN_UNINITIALIZED_AUTOS = YES_AGGRESSIVE;
				GCC_WARN_UNUSED_FUNCTION = YES;
				GCC_WARN_UNUSED_VARIABLE = YES;
				IPHONEOS_DEPLOYMENT_TARGET = 10.3;
				MTL_ENABLE_DEBUG_INFO = YES;
				ONLY_ACTIVE_ARCH = YES;
				SDKROOT = iphoneos;
				TARGETED_DEVICE_FAMILY = "1,2";
			};
			name = Debug;
		};
		0F8051661EA070F6002A4FE6 /* Release */ = {
			isa = XCBuildConfiguration;
			buildSettings = {
				ALWAYS_SEARCH_USER_PATHS = NO;
				CLANG_ANALYZER_NONNULL = YES;
				CLANG_ANALYZER_NUMBER_OBJECT_CONVERSION = YES_AGGRESSIVE;
				CLANG_CXX_LANGUAGE_STANDARD = "gnu++0x";
				CLANG_CXX_LIBRARY = "libc++";
				CLANG_ENABLE_MODULES = YES;
				CLANG_ENABLE_OBJC_ARC = YES;
				CLANG_WARN_BOOL_CONVERSION = YES;
				CLANG_WARN_CONSTANT_CONVERSION = YES;
				CLANG_WARN_DIRECT_OBJC_ISA_USAGE = YES_ERROR;
				CLANG_WARN_DOCUMENTATION_COMMENTS = YES;
				CLANG_WARN_EMPTY_BODY = YES;
				CLANG_WARN_ENUM_CONVERSION = YES;
				CLANG_WARN_INFINITE_RECURSION = YES;
				CLANG_WARN_INT_CONVERSION = YES;
				CLANG_WARN_OBJC_ROOT_CLASS = YES_ERROR;
				CLANG_WARN_SUSPICIOUS_MOVE = YES;
				CLANG_WARN_UNREACHABLE_CODE = YES;
				CLANG_WARN__DUPLICATE_METHOD_MATCH = YES;
				"CODE_SIGN_IDENTITY[sdk=iphoneos*]" = "iPhone Developer";
				COPY_PHASE_STRIP = NO;
				DEBUG_INFORMATION_FORMAT = "dwarf-with-dsym";
				ENABLE_NS_ASSERTIONS = NO;
				ENABLE_STRICT_OBJC_MSGSEND = YES;
				GCC_C_LANGUAGE_STANDARD = gnu99;
				GCC_NO_COMMON_BLOCKS = YES;
				GCC_WARN_64_TO_32_BIT_CONVERSION = YES;
				GCC_WARN_ABOUT_RETURN_TYPE = YES_ERROR;
				GCC_WARN_UNDECLARED_SELECTOR = YES;
				GCC_WARN_UNINITIALIZED_AUTOS = YES_AGGRESSIVE;
				GCC_WARN_UNUSED_FUNCTION = YES;
				GCC_WARN_UNUSED_VARIABLE = YES;
				IPHONEOS_DEPLOYMENT_TARGET = 10.3;
				MTL_ENABLE_DEBUG_INFO = NO;
				SDKROOT = iphoneos;
				TARGETED_DEVICE_FAMILY = "1,2";
				VALIDATE_PRODUCT = YES;
			};
			name = Release;
		};
		0F8051681EA070F6002A4FE6 /* Debug */ = {
			isa = XCBuildConfiguration;
			baseConfigurationReference = 134E499CE64F5778309482A2 /* Pods-FactoryUI.debug.xcconfig */;
			buildSettings = {
				ASSETCATALOG_COMPILER_APPICON_NAME = AppIcon;
				DEVELOPMENT_TEAM = 4H33EPS92X;
				INFOPLIST_FILE = FactoryUI/Info.plist;
				LD_RUNPATH_SEARCH_PATHS = "$(inherited) @executable_path/Frameworks";
				PRODUCT_BUNDLE_IDENTIFIER = "---.FactoryUI";
				PRODUCT_NAME = "$(TARGET_NAME)";
			};
			name = Debug;
		};
		0F8051691EA070F6002A4FE6 /* Release */ = {
			isa = XCBuildConfiguration;
			baseConfigurationReference = 26F070B6FFC253EB223C20AB /* Pods-FactoryUI.release.xcconfig */;
			buildSettings = {
				ASSETCATALOG_COMPILER_APPICON_NAME = AppIcon;
				DEVELOPMENT_TEAM = 4H33EPS92X;
				INFOPLIST_FILE = FactoryUI/Info.plist;
				LD_RUNPATH_SEARCH_PATHS = "$(inherited) @executable_path/Frameworks";
				PRODUCT_BUNDLE_IDENTIFIER = "---.FactoryUI";
				PRODUCT_NAME = "$(TARGET_NAME)";
			};
			name = Release;
		};
		0F80516B1EA070F6002A4FE6 /* Debug */ = {
			isa = XCBuildConfiguration;
			baseConfigurationReference = 57D023285EC6CA1D452B38E6 /* Pods-FactoryUITests.debug.xcconfig */;
			buildSettings = {
				BUNDLE_LOADER = "$(TEST_HOST)";
				DEVELOPMENT_TEAM = 4H33EPS92X;
				INFOPLIST_FILE = FactoryUITests/Info.plist;
				LD_RUNPATH_SEARCH_PATHS = "$(inherited) @executable_path/Frameworks @loader_path/Frameworks";
				PRODUCT_BUNDLE_IDENTIFIER = "---.FactoryUITests";
				PRODUCT_NAME = "$(TARGET_NAME)";
				TEST_HOST = "$(BUILT_PRODUCTS_DIR)/FactoryUI.app/FactoryUI";
			};
			name = Debug;
		};
		0F80516C1EA070F6002A4FE6 /* Release */ = {
			isa = XCBuildConfiguration;
			baseConfigurationReference = C0FD3163FC4BA1EF0137E564 /* Pods-FactoryUITests.release.xcconfig */;
			buildSettings = {
				BUNDLE_LOADER = "$(TEST_HOST)";
				DEVELOPMENT_TEAM = 4H33EPS92X;
				INFOPLIST_FILE = FactoryUITests/Info.plist;
				LD_RUNPATH_SEARCH_PATHS = "$(inherited) @executable_path/Frameworks @loader_path/Frameworks";
				PRODUCT_BUNDLE_IDENTIFIER = "---.FactoryUITests";
				PRODUCT_NAME = "$(TARGET_NAME)";
				TEST_HOST = "$(BUILT_PRODUCTS_DIR)/FactoryUI.app/FactoryUI";
			};
			name = Release;
		};
		0F80516E1EA070F6002A4FE6 /* Debug */ = {
			isa = XCBuildConfiguration;
			baseConfigurationReference = 19D6E63B4D76CF7287438F68 /* Pods-FactoryUIUITests.debug.xcconfig */;
			buildSettings = {
				DEVELOPMENT_TEAM = 4H33EPS92X;
				INFOPLIST_FILE = FactoryUIUITests/Info.plist;
				LD_RUNPATH_SEARCH_PATHS = "$(inherited) @executable_path/Frameworks @loader_path/Frameworks";
				PRODUCT_BUNDLE_IDENTIFIER = "---.FactoryUIUITests";
				PRODUCT_NAME = "$(TARGET_NAME)";
				TEST_TARGET_NAME = FactoryUI;
			};
			name = Debug;
		};
		0F80516F1EA070F6002A4FE6 /* Release */ = {
			isa = XCBuildConfiguration;
			baseConfigurationReference = 96A832534B7302077FBF3BC5 /* Pods-FactoryUIUITests.release.xcconfig */;
			buildSettings = {
				DEVELOPMENT_TEAM = 4H33EPS92X;
				INFOPLIST_FILE = FactoryUIUITests/Info.plist;
				LD_RUNPATH_SEARCH_PATHS = "$(inherited) @executable_path/Frameworks @loader_path/Frameworks";
				PRODUCT_BUNDLE_IDENTIFIER = "---.FactoryUIUITests";
				PRODUCT_NAME = "$(TARGET_NAME)";
				TEST_TARGET_NAME = FactoryUI;
			};
			name = Release;
		};
/* End XCBuildConfiguration section */

/* Begin XCConfigurationList section */
		0F8051351EA070F5002A4FE6 /* Build configuration list for PBXProject "FactoryUI" */ = {
			isa = XCConfigurationList;
			buildConfigurations = (
				0F8051651EA070F6002A4FE6 /* Debug */,
				0F8051661EA070F6002A4FE6 /* Release */,
			);
			defaultConfigurationIsVisible = 0;
			defaultConfigurationName = Release;
		};
		0F8051671EA070F6002A4FE6 /* Build configuration list for PBXNativeTarget "FactoryUI" */ = {
			isa = XCConfigurationList;
			buildConfigurations = (
				0F8051681EA070F6002A4FE6 /* Debug */,
				0F8051691EA070F6002A4FE6 /* Release */,
			);
			defaultConfigurationIsVisible = 0;
			defaultConfigurationName = Release;
		};
		0F80516A1EA070F6002A4FE6 /* Build configuration list for PBXNativeTarget "FactoryUITests" */ = {
			isa = XCConfigurationList;
			buildConfigurations = (
				0F80516B1EA070F6002A4FE6 /* Debug */,
				0F80516C1EA070F6002A4FE6 /* Release */,
			);
			defaultConfigurationIsVisible = 0;
			defaultConfigurationName = Release;
		};
		0F80516D1EA070F6002A4FE6 /* Build configuration list for PBXNativeTarget "FactoryUIUITests" */ = {
			isa = XCConfigurationList;
			buildConfigurations = (
				0F80516E1EA070F6002A4FE6 /* Debug */,
				0F80516F1EA070F6002A4FE6 /* Release */,
			);
			defaultConfigurationIsVisible = 0;
			defaultConfigurationName = Release;
		};
/* End XCConfigurationList section */
	};
	rootObject = 0F8051321EA070F5002A4FE6 /* Project object */;
}
